
Microsoft Visual Studio Solution File, Format Version 12.00
# Visual Studio Version 17
VisualStudioVersion = 17.5.33530.505
MinimumVisualStudioVersion = 10.0.40219.1
Project("{FAE04EC0-301F-11D3-BF4B-00C04F79EFBC}") = "5112_Cumulative_1", "5112_Cumulative_1\5112_Cumulative_1.csproj", "{63DABC9B-AAEA-4191-82E3-8596E3F23D0E}"
EndProject
Global
	GlobalSection(SolutionConfigurationPlatforms) = preSolution
		Debug|Any CPU = Debug|Any CPU
		Release|Any CPU = Release|Any CPU
	EndGlobalSection
	GlobalSection(ProjectConfigurationPlatforms) = postSolution
		{63DABC9B-AAEA-4191-82E3-8596E3F23D0E}.Debug|Any CPU.ActiveCfg = Debug|Any CPU
		{63DABC9B-AAEA-4191-82E3-8596E3F23D0E}.Debug|Any CPU.Build.0 = Debug|Any CPU
		{63DABC9B-AAEA-4191-82E3-8596E3F23D0E}.Release|Any CPU.ActiveCfg = Release|Any CPU
		{63DABC9B-AAEA-4191-82E3-8596E3F23D0E}.Release|Any CPU.Build.0 = Release|Any CPU
	EndGlobalSection
	GlobalSection(SolutionProperties) = preSolution
		HideSolutionNode = FALSE
	EndGlobalSection
	GlobalSection(ExtensibilityGlobals) = postSolution
		SolutionGuid = {62846CF6-4E4E-4E3D-BDEA-E3A142DDDC5B}
	EndGlobalSection
EndGlobal
